// !$*UTF8*$!
{
	archiveVersion = 1;
	classes = {
	};
	objectVersion = 50;
	objects = {

/* Begin PBXBuildFile section */
		26424EE824C33AF60028F2A2 /* ACConfigureEmail.swift in Sources */ = {isa = PBXBuildFile; fileRef = 26424EE724C33AF60028F2A2 /* ACConfigureEmail.swift */; };
		2642767A24C2239900386851 /* ACConfigureName.swift in Sources */ = {isa = PBXBuildFile; fileRef = 2642767924C2239900386851 /* ACConfigureName.swift */; };
		2642A58924C1E2B4008098EE /* WSCreateAccButton.swift in Sources */ = {isa = PBXBuildFile; fileRef = 2642A58824C1E2B4008098EE /* WSCreateAccButton.swift */; };
		2649D7B024C192E500B39240 /* WSButton.swift in Sources */ = {isa = PBXBuildFile; fileRef = 2649D7AF24C192E500B39240 /* WSButton.swift */; };
		2658351124C36A54007C3E00 /* CustomTextField.swift in Sources */ = {isa = PBXBuildFile; fileRef = 2658351024C36A54007C3E00 /* CustomTextField.swift */; };
		2658351324C37A8A007C3E00 /* CustomLabel.swift in Sources */ = {isa = PBXBuildFile; fileRef = 2658351224C37A8A007C3E00 /* CustomLabel.swift */; };
		2658351524C384DF007C3E00 /* CreatePassword.swift in Sources */ = {isa = PBXBuildFile; fileRef = 2658351424C384DF007C3E00 /* CreatePassword.swift */; };
		26E38C9A24C09C910027A8EB /* AppDelegate.swift in Sources */ = {isa = PBXBuildFile; fileRef = 26E38C9924C09C910027A8EB /* AppDelegate.swift */; };
		26E38C9C24C09C910027A8EB /* SceneDelegate.swift in Sources */ = {isa = PBXBuildFile; fileRef = 26E38C9B24C09C910027A8EB /* SceneDelegate.swift */; };
		26E38C9E24C09C910027A8EB /* ViewController.swift in Sources */ = {isa = PBXBuildFile; fileRef = 26E38C9D24C09C910027A8EB /* ViewController.swift */; };
		26E38CA124C09C910027A8EB /* Main.storyboard in Resources */ = {isa = PBXBuildFile; fileRef = 26E38C9F24C09C910027A8EB /* Main.storyboard */; };
		26E38CA324C09C920027A8EB /* Assets.xcassets in Resources */ = {isa = PBXBuildFile; fileRef = 26E38CA224C09C920027A8EB /* Assets.xcassets */; };
		26E38CA624C09C920027A8EB /* LaunchScreen.storyboard in Resources */ = {isa = PBXBuildFile; fileRef = 26E38CA424C09C920027A8EB /* LaunchScreen.storyboard */; };
		26E38CAE24C09CD60027A8EB /* Costants.swift in Sources */ = {isa = PBXBuildFile; fileRef = 26E38CAD24C09CD60027A8EB /* Costants.swift */; };
		26E38CB024C09E040027A8EB /* WelcomScreenViewController.swift in Sources */ = {isa = PBXBuildFile; fileRef = 26E38CAF24C09E040027A8EB /* WelcomScreenViewController.swift */; };
/* End PBXBuildFile section */

/* Begin PBXFileReference section */
		26424EE724C33AF60028F2A2 /* ACConfigureEmail.swift */ = {isa = PBXFileReference; lastKnownFileType = sourcecode.swift; path = ACConfigureEmail.swift; sourceTree = "<group>"; };
		2642767924C2239900386851 /* ACConfigureName.swift */ = {isa = PBXFileReference; lastKnownFileType = sourcecode.swift; path = ACConfigureName.swift; sourceTree = "<group>"; };
		2642A58824C1E2B4008098EE /* WSCreateAccButton.swift */ = {isa = PBXFileReference; lastKnownFileType = sourcecode.swift; path = WSCreateAccButton.swift; sourceTree = "<group>"; };
		2649D7AF24C192E500B39240 /* WSButton.swift */ = {isa = PBXFileReference; lastKnownFileType = sourcecode.swift; path = WSButton.swift; sourceTree = "<group>"; };
		2658351024C36A54007C3E00 /* CustomTextField.swift */ = {isa = PBXFileReference; lastKnownFileType = sourcecode.swift; path = CustomTextField.swift; sourceTree = "<group>"; };
		2658351224C37A8A007C3E00 /* CustomLabel.swift */ = {isa = PBXFileReference; lastKnownFileType = sourcecode.swift; path = CustomLabel.swift; sourceTree = "<group>"; };
		2658351424C384DF007C3E00 /* CreatePassword.swift */ = {isa = PBXFileReference; lastKnownFileType = sourcecode.swift; path = CreatePassword.swift; sourceTree = "<group>"; };
		26E38C9624C09C910027A8EB /* Airbnb.app */ = {isa = PBXFileReference; explicitFileType = wrapper.application; includeInIndex = 0; path = Airbnb.app; sourceTree = BUILT_PRODUCTS_DIR; };
		26E38C9924C09C910027A8EB /* AppDelegate.swift */ = {isa = PBXFileReference; lastKnownFileType = sourcecode.swift; path = AppDelegate.swift; sourceTree = "<group>"; };
		26E38C9B24C09C910027A8EB /* SceneDelegate.swift */ = {isa = PBXFileReference; lastKnownFileType = sourcecode.swift; path = SceneDelegate.swift; sourceTree = "<group>"; };
		26E38C9D24C09C910027A8EB /* ViewController.swift */ = {isa = PBXFileReference; lastKnownFileType = sourcecode.swift; path = ViewController.swift; sourceTree = "<group>"; };
		26E38CA024C09C910027A8EB /* Base */ = {isa = PBXFileReference; lastKnownFileType = file.storyboard; name = Base; path = Base.lproj/Main.storyboard; sourceTree = "<group>"; };
		26E38CA224C09C920027A8EB /* Assets.xcassets */ = {isa = PBXFileReference; lastKnownFileType = folder.assetcatalog; path = Assets.xcassets; sourceTree = "<group>"; };
		26E38CA524C09C920027A8EB /* Base */ = {isa = PBXFileReference; lastKnownFileType = file.storyboard; name = Base; path = Base.lproj/LaunchScreen.storyboard; sourceTree = "<group>"; };
		26E38CA724C09C920027A8EB /* Info.plist */ = {isa = PBXFileReference; lastKnownFileType = text.plist.xml; path = Info.plist; sourceTree = "<group>"; };
		26E38CAD24C09CD60027A8EB /* Costants.swift */ = {isa = PBXFileReference; lastKnownFileType = sourcecode.swift; path = Costants.swift; sourceTree = "<group>"; };
		26E38CAF24C09E040027A8EB /* WelcomScreenViewController.swift */ = {isa = PBXFileReference; lastKnownFileType = sourcecode.swift; path = WelcomScreenViewController.swift; sourceTree = "<group>"; };
/* End PBXFileReference section */

/* Begin PBXFrameworksBuildPhase section */
		26E38C9324C09C910027A8EB /* Frameworks */ = {
			isa = PBXFrameworksBuildPhase;
			buildActionMask = 2147483647;
			files = (
			);
			runOnlyForDeploymentPostprocessing = 0;
		};
/* End PBXFrameworksBuildPhase section */

/* Begin PBXGroup section */
		2642A58A24C1E472008098EE /* CustomUI */ = {
			isa = PBXGroup;
			children = (
				2642A58824C1E2B4008098EE /* WSCreateAccButton.swift */,
				2649D7AF24C192E500B39240 /* WSButton.swift */,
				2658351024C36A54007C3E00 /* CustomTextField.swift */,
				2658351224C37A8A007C3E00 /* CustomLabel.swift */,
			);
			path = CustomUI;
			sourceTree = "<group>";
		};
		26E38C8D24C09C910027A8EB = {
			isa = PBXGroup;
			children = (
				26E38C9824C09C910027A8EB /* Airbnb */,
				26E38C9724C09C910027A8EB /* Products */,
			);
			sourceTree = "<group>";
		};
		26E38C9724C09C910027A8EB /* Products */ = {
			isa = PBXGroup;
			children = (
				26E38C9624C09C910027A8EB /* Airbnb.app */,
			);
			name = Products;
			sourceTree = "<group>";
		};
		26E38C9824C09C910027A8EB /* Airbnb */ = {
			isa = PBXGroup;
			children = (
				26E38C9924C09C910027A8EB /* AppDelegate.swift */,
				26E38C9B24C09C910027A8EB /* SceneDelegate.swift */,
				26E38C9D24C09C910027A8EB /* ViewController.swift */,
				26E38C9F24C09C910027A8EB /* Main.storyboard */,
				26E38CA224C09C920027A8EB /* Assets.xcassets */,
				26E38CA424C09C920027A8EB /* LaunchScreen.storyboard */,
				26E38CA724C09C920027A8EB /* Info.plist */,
				26E38CAD24C09CD60027A8EB /* Costants.swift */,
				26E38CAF24C09E040027A8EB /* WelcomScreenViewController.swift */,
				2642A58A24C1E472008098EE /* CustomUI */,
				2642767924C2239900386851 /* ACConfigureName.swift */,
				26424EE724C33AF60028F2A2 /* ACConfigureEmail.swift */,
				2658351424C384DF007C3E00 /* CreatePassword.swift */,
			);
			path = Airbnb;
			sourceTree = "<group>";
		};
/* End PBXGroup section */

/* Begin PBXNativeTarget section */
		26E38C9524C09C910027A8EB /* Airbnb */ = {
			isa = PBXNativeTarget;
			buildConfigurationList = 26E38CAA24C09C920027A8EB /* Build configuration list for PBXNativeTarget "Airbnb" */;
			buildPhases = (
				26E38C9224C09C910027A8EB /* Sources */,
				26E38C9324C09C910027A8EB /* Frameworks */,
				26E38C9424C09C910027A8EB /* Resources */,
			);
			buildRules = (
			);
			dependencies = (
			);
			name = Airbnb;
			productName = Airbnb;
			productReference = 26E38C9624C09C910027A8EB /* Airbnb.app */;
			productType = "com.apple.product-type.application";
		};
/* End PBXNativeTarget section */

/* Begin PBXProject section */
		26E38C8E24C09C910027A8EB /* Project object */ = {
			isa = PBXProject;
			attributes = {
				LastSwiftUpdateCheck = 1110;
				LastUpgradeCheck = 1110;
				ORGANIZATIONNAME = Thanuj;
				TargetAttributes = {
					26E38C9524C09C910027A8EB = {
						CreatedOnToolsVersion = 11.1;
					};
				};
			};
			buildConfigurationList = 26E38C9124C09C910027A8EB /* Build configuration list for PBXProject "Airbnb" */;
			compatibilityVersion = "Xcode 9.3";
			developmentRegion = en;
			hasScannedForEncodings = 0;
			knownRegions = (
				en,
				Base,
			);
			mainGroup = 26E38C8D24C09C910027A8EB;
			productRefGroup = 26E38C9724C09C910027A8EB /* Products */;
			projectDirPath = "";
			projectRoot = "";
			targets = (
				26E38C9524C09C910027A8EB /* Airbnb */,
			);
		};
/* End PBXProject section */

/* Begin PBXResourcesBuildPhase section */
		26E38C9424C09C910027A8EB /* Resources */ = {
			isa = PBXResourcesBuildPhase;
			buildActionMask = 2147483647;
			files = (
				26E38CA624C09C920027A8EB /* LaunchScreen.storyboard in Resources */,
				26E38CA324C09C920027A8EB /* Assets.xcassets in Resources */,
				26E38CA124C09C910027A8EB /* Main.storyboard in Resources */,
			);
			runOnlyForDeploymentPostprocessing = 0;
		};
/* End PBXResourcesBuildPhase section */

/* Begin PBXSourcesBuildPhase section */
		26E38C9224C09C910027A8EB /* Sources */ = {
			isa = PBXSourcesBuildPhase;
			buildActionMask = 2147483647;
			files = (
				26E38CB024C09E040027A8EB /* WelcomScreenViewController.swift in Sources */,
				2649D7B024C192E500B39240 /* WSButton.swift in Sources */,
				2658351324C37A8A007C3E00 /* CustomLabel.swift in Sources */,
				26E38CAE24C09CD60027A8EB /* Costants.swift in Sources */,
				2642A58924C1E2B4008098EE /* WSCreateAccButton.swift in Sources */,
				2658351124C36A54007C3E00 /* CustomTextField.swift in Sources */,
				2658351524C384DF007C3E00 /* CreatePassword.swift in Sources */,
				26E38C9E24C09C910027A8EB /* ViewController.swift in Sources */,
				26424EE824C33AF60028F2A2 /* ACConfigureEmail.swift in Sources */,
				26E38C9A24C09C910027A8EB /* AppDelegate.swift in Sources */,
				26E38C9C24C09C910027A8EB /* SceneDelegate.swift in Sources */,
				2642767A24C2239900386851 /* ACConfigureName.swift in Sources */,
			);
			runOnlyForDeploymentPostprocessing = 0;
		};
/* End PBXSourcesBuildPhase section */

/* Begin PBXVariantGroup section */
		26E38C9F24C09C910027A8EB /* Main.storyboard */ = {
			isa = PBXVariantGroup;
			children = (
				26E38CA024C09C910027A8EB /* Base */,
			);
			name = Main.storyboard;
			sourceTree = "<group>";
		};
		26E38CA424C09C920027A8EB /* LaunchScreen.storyboard */ = {
			isa = PBXVariantGroup;
			children = (
				26E38CA524C09C920027A8EB /* Base */,
			);
			name = LaunchScreen.storyboard;
			sourceTree = "<group>";
		};
/* End PBXVariantGroup section */

/* Begin XCBuildConfiguration section */
		26E38CA824C09C920027A8EB /* Debug */ = {
			isa = XCBuildConfiguration;
			buildSettings = {
				ALWAYS_SEARCH_USER_PATHS = NO;
				CLANG_ANALYZER_NONNULL = YES;
				CLANG_ANALYZER_NUMBER_OBJECT_CONVERSION = YES_AGGRESSIVE;
				CLANG_CXX_LANGUAGE_STANDARD = "gnu++14";
				CLANG_CXX_LIBRARY = "libc++";
				CLANG_ENABLE_MODULES = YES;
				CLANG_ENABLE_OBJC_ARC = YES;
				CLANG_ENABLE_OBJC_WEAK = YES;
				CLANG_WARN_BLOCK_CAPTURE_AUTORELEASING = YES;
				CLANG_WARN_BOOL_CONVERSION = YES;
				CLANG_WARN_COMMA = YES;
				CLANG_WARN_CONSTANT_CONVERSION = YES;
				CLANG_WARN_DEPRECATED_OBJC_IMPLEMENTATIONS = YES;
				CLANG_WARN_DIRECT_OBJC_ISA_USAGE = YES_ERROR;
				CLANG_WARN_DOCUMENTATION_COMMENTS = YES;
				CLANG_WARN_EMPTY_BODY = YES;
				CLANG_WARN_ENUM_CONVERSION = YES;
				CLANG_WARN_INFINITE_RECURSION = YES;
				CLANG_WARN_INT_CONVERSION = YES;
				CLANG_WARN_NON_LITERAL_NULL_CONVERSION = YES;
				CLANG_WARN_OBJC_IMPLICIT_RETAIN_SELF = YES;
				CLANG_WARN_OBJC_LITERAL_CONVERSION = YES;
				CLANG_WARN_OBJC_ROOT_CLASS = YES_ERROR;
				CLANG_WARN_RANGE_LOOP_ANALYSIS = YES;
				CLANG_WARN_STRICT_PROTOTYPES = YES;
				CLANG_WARN_SUSPICIOUS_MOVE = YES;
				CLANG_WARN_UNGUARDED_AVAILABILITY = YES_AGGRESSIVE;
				CLANG_WARN_UNREACHABLE_CODE = YES;
				CLANG_WARN__DUPLICATE_METHOD_MATCH = YES;
				COPY_PHASE_STRIP = NO;
				DEBUG_INFORMATION_FORMAT = dwarf;
				ENABLE_STRICT_OBJC_MSGSEND = YES;
				ENABLE_TESTABILITY = YES;
				GCC_C_LANGUAGE_STANDARD = gnu11;
				GCC_DYNAMIC_NO_PIC = NO;
				GCC_NO_COMMON_BLOCKS = YES;
				GCC_OPTIMIZATION_LEVEL = 0;
				GCC_PREPROCESSOR_DEFINITIONS = (
					"DEBUG=1",
					"$(inherited)",
				);
				GCC_WARN_64_TO_32_BIT_CONVERSION = YES;
				GCC_WARN_ABOUT_RETURN_TYPE = YES_ERROR;
				GCC_WARN_UNDECLARED_SELECTOR = YES;
				GCC_WARN_UNINITIALIZED_AUTOS = YES_AGGRESSIVE;
				GCC_WARN_UNUSED_FUNCTION = YES;
				GCC_WARN_UNUSED_VARIABLE = YES;
				IPHONEOS_DEPLOYMENT_TARGET = 13.1;
				MTL_ENABLE_DEBUG_INFO = INCLUDE_SOURCE;
				MTL_FAST_MATH = YES;
				ONLY_ACTIVE_ARCH = YES;
				SDKROOT = iphoneos;
				SWIFT_ACTIVE_COMPILATION_CONDITIONS = DEBUG;
				SWIFT_OPTIMIZATION_LEVEL = "-Onone";
			};
			name = Debug;
		};
		26E38CA924C09C920027A8EB /* Release */ = {
			isa = XCBuildConfiguration;
			buildSettings = {
				ALWAYS_SEARCH_USER_PATHS = NO;
				CLANG_ANALYZER_NONNULL = YES;
				CLANG_ANALYZER_NUMBER_OBJECT_CONVERSION = YES_AGGRESSIVE;
				CLANG_CXX_LANGUAGE_STANDARD = "gnu++14";
				CLANG_CXX_LIBRARY = "libc++";
				CLANG_ENABLE_MODULES = YES;
				CLANG_ENABLE_OBJC_ARC = YES;
				CLANG_ENABLE_OBJC_WEAK = YES;
				CLANG_WARN_BLOCK_CAPTURE_AUTORELEASING = YES;
				CLANG_WARN_BOOL_CONVERSION = YES;
				CLANG_WARN_COMMA = YES;
				CLANG_WARN_CONSTANT_CONVERSION = YES;
				CLANG_WARN_DEPRECATED_OBJC_IMPLEMENTATIONS = YES;
				CLANG_WARN_DIRECT_OBJC_ISA_USAGE = YES_ERROR;
				CLANG_WARN_DOCUMENTATION_COMMENTS = YES;
				CLANG_WARN_EMPTY_BODY = YES;
				CLANG_WARN_ENUM_CONVERSION = YES;
				CLANG_WARN_INFINITE_RECURSION = YES;
				CLANG_WARN_INT_CONVERSION = YES;
				CLANG_WARN_NON_LITERAL_NULL_CONVERSION = YES;
				CLANG_WARN_OBJC_IMPLICIT_RETAIN_SELF = YES;
				CLANG_WARN_OBJC_LITERAL_CONVERSION = YES;
				CLANG_WARN_OBJC_ROOT_CLASS = YES_ERROR;
				CLANG_WARN_RANGE_LOOP_ANALYSIS = YES;
				CLANG_WARN_STRICT_PROTOTYPES = YES;
				CLANG_WARN_SUSPICIOUS_MOVE = YES;
				CLANG_WARN_UNGUARDED_AVAILABILITY = YES_AGGRESSIVE;
				CLANG_WARN_UNREACHABLE_CODE = YES;
				CLANG_WARN__DUPLICATE_METHOD_MATCH = YES;
				COPY_PHASE_STRIP = NO;
				DEBUG_INFORMATION_FORMAT = "dwarf-with-dsym";
				ENABLE_NS_ASSERTIONS = NO;
				ENABLE_STRICT_OBJC_MSGSEND = YES;
				GCC_C_LANGUAGE_STANDARD = gnu11;
				GCC_NO_COMMON_BLOCKS = YES;
				GCC_WARN_64_TO_32_BIT_CONVERSION = YES;
				GCC_WARN_ABOUT_RETURN_TYPE = YES_ERROR;
				GCC_WARN_UNDECLARED_SELECTOR = YES;
				GCC_WARN_UNINITIALIZED_AUTOS = YES_AGGRESSIVE;
				GCC_WARN_UNUSED_FUNCTION = YES;
				GCC_WARN_UNUSED_VARIABLE = YES;
				IPHONEOS_DEPLOYMENT_TARGET = 13.1;
				MTL_ENABLE_DEBUG_INFO = NO;
				MTL_FAST_MATH = YES;
				SDKROOT = iphoneos;
				SWIFT_COMPILATION_MODE = wholemodule;
				SWIFT_OPTIMIZATION_LEVEL = "-O";
				VALIDATE_PRODUCT = YES;
			};
			name = Release;
		};
		26E38CAB24C09C920027A8EB /* Debug */ = {
			isa = XCBuildConfiguration;
			buildSettings = {
				ASSETCATALOG_COMPILER_APPICON_NAME = AppIcon;
				CODE_SIGN_STYLE = Automatic;
				INFOPLIST_FILE = Airbnb/Info.plist;
				LD_RUNPATH_SEARCH_PATHS = (
					"$(inherited)",
					"@executable_path/Frameworks",
				);
				PRODUCT_BUNDLE_IDENTIFIER = test1.Airbnb;
				PRODUCT_NAME = "$(TARGET_NAME)";
				SWIFT_VERSION = 5.0;
				TARGETED_DEVICE_FAMILY = "1,2";
			};
			name = Debug;
		};
		26E38CAC24C09C920027A8EB /* Release */ = {
			isa = XCBuildConfiguration;
			buildSettings = {
				ASSETCATALOG_COMPILER_APPICON_NAME = AppIcon;
				CODE_SIGN_STYLE = Automatic;
				INFOPLIST_FILE = Airbnb/Info.plist;
				LD_RUNPATH_SEARCH_PATHS = (
					"$(inherited)",
					"@executable_path/Frameworks",
				);
				PRODUCT_BUNDLE_IDENTIFIER = test1.Airbnb;
				PRODUCT_NAME = "$(TARGET_NAME)";
				SWIFT_VERSION = 5.0;
				TARGETED_DEVICE_FAMILY = "1,2";
			};
			name = Release;
		};
/* End XCBuildConfiguration section */

/* Begin XCConfigurationList section */
		26E38C9124C09C910027A8EB /* Build configuration list for PBXProject "Airbnb" */ = {
			isa = XCConfigurationList;
			buildConfigurations = (
				26E38CA824C09C920027A8EB /* Debug */,
				26E38CA924C09C920027A8EB /* Release */,
			);
			defaultConfigurationIsVisible = 0;
			defaultConfigurationName = Release;
		};
		26E38CAA24C09C920027A8EB /* Build configuration list for PBXNativeTarget "Airbnb" */ = {
			isa = XCConfigurationList;
			buildConfigurations = (
				26E38CAB24C09C920027A8EB /* Debug */,
				26E38CAC24C09C920027A8EB /* Release */,
			);
			defaultConfigurationIsVisible = 0;
			defaultConfigurationName = Release;
		};
/* End XCConfigurationList section */
	};
	rootObject = 26E38C8E24C09C910027A8EB /* Project object */;
}
